{
  "name": "study-planner-ml",
  "lockfileVersion": 3,
  "requires": true,
  "packages": {
    "": {
      "dependencies": {
        "groq": "^5.21.0",
        "pymongo": "^0.0.1-security"
      }
    },
    "node_modules/groq": {
      "version": "5.21.0",
      "resolved": "https://registry.npmjs.org/groq/-/groq-5.21.0.tgz",
      "integrity": "sha512-ETjVUltz/B0/Cxjz5NfaseZINrI2Kra8abCy/tLrBAaqbGtmgI0JymoS3ftiR6/AzNhtREy7vKxwzThEDk24QA==",
      "license": "MIT",
      "engines": {
        "node": ">=20.19 <22 || >=22.12"
      }
    },
    "node_modules/pymongo": {
      "version": "0.0.1-security",
      "resolved": "https://registry.npmjs.org/pymongo/-/pymongo-0.0.1-security.tgz",
      "integrity": "sha512-8k8EPTwuDLguWDrsByF1GCSPTkV4UnegrbdFRAyVru6uMB7T46SznGmYOCyNKCdlIgkGC3ynlA0d3c9F8EjhQQ=="
    }
  }
}
